
Microsoft Visual Studio Solution File, Format Version 12.00
# Visual Studio 15
VisualStudioVersion = 15.0.28307.168
MinimumVisualStudioVersion = 10.0.40219.1
Project("{F184B08F-C81C-45F6-A57F-5ABD9991F28F}") = "Counting", "Counting\Counting.vbproj", "{3BC43F90-7868-4B74-A159-69F5E01801B2}"
EndProject
Global
	GlobalSection(SolutionConfigurationPlatforms) = preSolution
		Debug|Any CPU = Debug|Any CPU
		Release|Any CPU = Release|Any CPU
	EndGlobalSection
	GlobalSection(ProjectConfigurationPlatforms) = postSolution
		{3BC43F90-7868-4B74-A159-69F5E01801B2}.Debug|Any CPU.ActiveCfg = Debug|Any CPU
		{3BC43F90-7868-4B74-A159-69F5E01801B2}.Debug|Any CPU.Build.0 = Debug|Any CPU
		{3BC43F90-7868-4B74-A159-69F5E01801B2}.Release|Any CPU.ActiveCfg = Release|Any CPU
		{3BC43F90-7868-4B74-A159-69F5E01801B2}.Release|Any CPU.Build.0 = Release|Any CPU
	EndGlobalSection
	GlobalSection(SolutionProperties) = preSolution
		HideSolutionNode = FALSE
	EndGlobalSection
	GlobalSection(ExtensibilityGlobals) = postSolution
		SolutionGuid = {B3F9DA15-AE0C-48BA-9203-5473FAE1B50D}
	EndGlobalSection
EndGlobal
