
Microsoft Visual Studio Solution File, Format Version 12.00
# Visual Studio 15
VisualStudioVersion = 15.0.28307.168
MinimumVisualStudioVersion = 10.0.40219.1
Project("{F184B08F-C81C-45F6-A57F-5ABD9991F28F}") = "WhichIsFirst", "WhichIsFirst\WhichIsFirst.vbproj", "{E56259BA-D75D-43F7-9470-31AAAB3B6B15}"
EndProject
Global
	GlobalSection(SolutionConfigurationPlatforms) = preSolution
		Debug|Any CPU = Debug|Any CPU
		Release|Any CPU = Release|Any CPU
	EndGlobalSection
	GlobalSection(ProjectConfigurationPlatforms) = postSolution
		{E56259BA-D75D-43F7-9470-31AAAB3B6B15}.Debug|Any CPU.ActiveCfg = Debug|Any CPU
		{E56259BA-D75D-43F7-9470-31AAAB3B6B15}.Debug|Any CPU.Build.0 = Debug|Any CPU
		{E56259BA-D75D-43F7-9470-31AAAB3B6B15}.Release|Any CPU.ActiveCfg = Release|Any CPU
		{E56259BA-D75D-43F7-9470-31AAAB3B6B15}.Release|Any CPU.Build.0 = Release|Any CPU
	EndGlobalSection
	GlobalSection(SolutionProperties) = preSolution
		HideSolutionNode = FALSE
	EndGlobalSection
	GlobalSection(ExtensibilityGlobals) = postSolution
		SolutionGuid = {B0BA7D40-FD36-4538-B10F-4966811728E1}
	EndGlobalSection
EndGlobal
