
Microsoft Visual Studio Solution File, Format Version 12.00
# Visual Studio 15
VisualStudioVersion = 15.0.28307.168
MinimumVisualStudioVersion = 10.0.40219.1
Project("{F184B08F-C81C-45F6-A57F-5ABD9991F28F}") = "MathFun", "MathFun\MathFun.vbproj", "{389EFDB4-C2C8-421C-892D-C3F6B502415D}"
EndProject
Global
	GlobalSection(SolutionConfigurationPlatforms) = preSolution
		Debug|Any CPU = Debug|Any CPU
		Release|Any CPU = Release|Any CPU
	EndGlobalSection
	GlobalSection(ProjectConfigurationPlatforms) = postSolution
		{389EFDB4-C2C8-421C-892D-C3F6B502415D}.Debug|Any CPU.ActiveCfg = Debug|Any CPU
		{389EFDB4-C2C8-421C-892D-C3F6B502415D}.Debug|Any CPU.Build.0 = Debug|Any CPU
		{389EFDB4-C2C8-421C-892D-C3F6B502415D}.Release|Any CPU.ActiveCfg = Release|Any CPU
		{389EFDB4-C2C8-421C-892D-C3F6B502415D}.Release|Any CPU.Build.0 = Release|Any CPU
	EndGlobalSection
	GlobalSection(SolutionProperties) = preSolution
		HideSolutionNode = FALSE
	EndGlobalSection
	GlobalSection(ExtensibilityGlobals) = postSolution
		SolutionGuid = {C2623C78-D712-4A13-992B-3A7E6BE72FBA}
	EndGlobalSection
EndGlobal
