
Microsoft Visual Studio Solution File, Format Version 12.00
# Visual Studio 15
VisualStudioVersion = 15.0.28307.168
MinimumVisualStudioVersion = 10.0.40219.1
Project("{F184B08F-C81C-45F6-A57F-5ABD9991F28F}") = "donutDelight", "donutDelight\donutDelight.vbproj", "{CB203FED-98B7-49FE-BC5D-042E0D6905B1}"
EndProject
Global
	GlobalSection(SolutionConfigurationPlatforms) = preSolution
		Debug|Any CPU = Debug|Any CPU
		Release|Any CPU = Release|Any CPU
	EndGlobalSection
	GlobalSection(ProjectConfigurationPlatforms) = postSolution
		{CB203FED-98B7-49FE-BC5D-042E0D6905B1}.Debug|Any CPU.ActiveCfg = Debug|Any CPU
		{CB203FED-98B7-49FE-BC5D-042E0D6905B1}.Debug|Any CPU.Build.0 = Debug|Any CPU
		{CB203FED-98B7-49FE-BC5D-042E0D6905B1}.Release|Any CPU.ActiveCfg = Release|Any CPU
		{CB203FED-98B7-49FE-BC5D-042E0D6905B1}.Release|Any CPU.Build.0 = Release|Any CPU
	EndGlobalSection
	GlobalSection(SolutionProperties) = preSolution
		HideSolutionNode = FALSE
	EndGlobalSection
	GlobalSection(ExtensibilityGlobals) = postSolution
		SolutionGuid = {C887D341-EF07-4DAA-B897-F14CD6776A37}
	EndGlobalSection
EndGlobal
