
Microsoft Visual Studio Solution File, Format Version 12.00
# Visual Studio 15
VisualStudioVersion = 15.0.28307.168
MinimumVisualStudioVersion = 10.0.40219.1
Project("{F184B08F-C81C-45F6-A57F-5ABD9991F28F}") = "Random", "Random\Random.vbproj", "{34639609-00B5-493F-BD44-65B6E445E8D6}"
EndProject
Global
	GlobalSection(SolutionConfigurationPlatforms) = preSolution
		Debug|Any CPU = Debug|Any CPU
		Release|Any CPU = Release|Any CPU
	EndGlobalSection
	GlobalSection(ProjectConfigurationPlatforms) = postSolution
		{34639609-00B5-493F-BD44-65B6E445E8D6}.Debug|Any CPU.ActiveCfg = Debug|Any CPU
		{34639609-00B5-493F-BD44-65B6E445E8D6}.Debug|Any CPU.Build.0 = Debug|Any CPU
		{34639609-00B5-493F-BD44-65B6E445E8D6}.Release|Any CPU.ActiveCfg = Release|Any CPU
		{34639609-00B5-493F-BD44-65B6E445E8D6}.Release|Any CPU.Build.0 = Release|Any CPU
	EndGlobalSection
	GlobalSection(SolutionProperties) = preSolution
		HideSolutionNode = FALSE
	EndGlobalSection
	GlobalSection(ExtensibilityGlobals) = postSolution
		SolutionGuid = {87332351-AF61-4A83-9C3C-F6FA2E5FB4C7}
	EndGlobalSection
EndGlobal
