
Microsoft Visual Studio Solution File, Format Version 12.00
# Visual Studio 15
VisualStudioVersion = 15.0.28307.168
MinimumVisualStudioVersion = 10.0.40219.1
Project("{F184B08F-C81C-45F6-A57F-5ABD9991F28F}") = "Shapes", "Shapes\Shapes.vbproj", "{BA28D340-4D20-40E4-9A25-31BEF0DC5358}"
EndProject
Global
	GlobalSection(SolutionConfigurationPlatforms) = preSolution
		Debug|Any CPU = Debug|Any CPU
		Release|Any CPU = Release|Any CPU
	EndGlobalSection
	GlobalSection(ProjectConfigurationPlatforms) = postSolution
		{BA28D340-4D20-40E4-9A25-31BEF0DC5358}.Debug|Any CPU.ActiveCfg = Debug|Any CPU
		{BA28D340-4D20-40E4-9A25-31BEF0DC5358}.Debug|Any CPU.Build.0 = Debug|Any CPU
		{BA28D340-4D20-40E4-9A25-31BEF0DC5358}.Release|Any CPU.ActiveCfg = Release|Any CPU
		{BA28D340-4D20-40E4-9A25-31BEF0DC5358}.Release|Any CPU.Build.0 = Release|Any CPU
	EndGlobalSection
	GlobalSection(SolutionProperties) = preSolution
		HideSolutionNode = FALSE
	EndGlobalSection
	GlobalSection(ExtensibilityGlobals) = postSolution
		SolutionGuid = {C25232FA-E9BA-4785-9A23-B3321A0E41DA}
	EndGlobalSection
EndGlobal
