
Microsoft Visual Studio Solution File, Format Version 12.00
# Visual Studio 15
VisualStudioVersion = 15.0.28307.168
MinimumVisualStudioVersion = 10.0.40219.1
Project("{F184B08F-C81C-45F6-A57F-5ABD9991F28F}") = "CostCalculator", "CostCalculator\CostCalculator.vbproj", "{C87E27D6-E69F-4449-9D7B-D63E89DF166D}"
EndProject
Global
	GlobalSection(SolutionConfigurationPlatforms) = preSolution
		Debug|Any CPU = Debug|Any CPU
		Release|Any CPU = Release|Any CPU
	EndGlobalSection
	GlobalSection(ProjectConfigurationPlatforms) = postSolution
		{C87E27D6-E69F-4449-9D7B-D63E89DF166D}.Debug|Any CPU.ActiveCfg = Debug|Any CPU
		{C87E27D6-E69F-4449-9D7B-D63E89DF166D}.Debug|Any CPU.Build.0 = Debug|Any CPU
		{C87E27D6-E69F-4449-9D7B-D63E89DF166D}.Release|Any CPU.ActiveCfg = Release|Any CPU
		{C87E27D6-E69F-4449-9D7B-D63E89DF166D}.Release|Any CPU.Build.0 = Release|Any CPU
	EndGlobalSection
	GlobalSection(SolutionProperties) = preSolution
		HideSolutionNode = FALSE
	EndGlobalSection
	GlobalSection(ExtensibilityGlobals) = postSolution
		SolutionGuid = {2956FDD2-1FFE-403C-B812-7AFBAD282853}
	EndGlobalSection
EndGlobal
